
Microsoft Visual Studio Solution File, Format Version 12.00
Project("{FAE04EC0-301F-11D3-BF4B-00C04F79EFBC}") = "Education.WebApi", "Education.WebApi\Education.WebApi.csproj", "{0DA13E9B-2B65-46AA-9111-BD88DA13A562}"
EndProject
Project("{FAE04EC0-301F-11D3-BF4B-00C04F79EFBC}") = "Education.Model", "Education.Model\Education.Model.csproj", "{6CFD2397-BE18-45F4-8073-18B73AE1C272}"
EndProject
Project("{FAE04EC0-301F-11D3-BF4B-00C04F79EFBC}") = "Education.DataBase", "Education.DataBase\Education.DataBase.csproj", "{59644557-305D-4BDD-8959-B7C82858A174}"
EndProject
Project("{FAE04EC0-301F-11D3-BF4B-00C04F79EFBC}") = "Education.Extensions", "Education.Extensions\Education.Extensions.csproj", "{3A323F84-61A6-4F2E-99AF-DAAD306088DD}"
EndProject
Global
	GlobalSection(SolutionConfigurationPlatforms) = preSolution
		Debug|Any CPU = Debug|Any CPU
		Release|Any CPU = Release|Any CPU
	EndGlobalSection
	GlobalSection(ProjectConfigurationPlatforms) = postSolution
		{0DA13E9B-2B65-46AA-9111-BD88DA13A562}.Debug|Any CPU.ActiveCfg = Debug|Any CPU
		{0DA13E9B-2B65-46AA-9111-BD88DA13A562}.Debug|Any CPU.Build.0 = Debug|Any CPU
		{0DA13E9B-2B65-46AA-9111-BD88DA13A562}.Release|Any CPU.ActiveCfg = Release|Any CPU
		{0DA13E9B-2B65-46AA-9111-BD88DA13A562}.Release|Any CPU.Build.0 = Release|Any CPU
		{6CFD2397-BE18-45F4-8073-18B73AE1C272}.Debug|Any CPU.ActiveCfg = Debug|Any CPU
		{6CFD2397-BE18-45F4-8073-18B73AE1C272}.Debug|Any CPU.Build.0 = Debug|Any CPU
		{6CFD2397-BE18-45F4-8073-18B73AE1C272}.Release|Any CPU.ActiveCfg = Release|Any CPU
		{6CFD2397-BE18-45F4-8073-18B73AE1C272}.Release|Any CPU.Build.0 = Release|Any CPU
		{59644557-305D-4BDD-8959-B7C82858A174}.Debug|Any CPU.ActiveCfg = Debug|Any CPU
		{59644557-305D-4BDD-8959-B7C82858A174}.Debug|Any CPU.Build.0 = Debug|Any CPU
		{59644557-305D-4BDD-8959-B7C82858A174}.Release|Any CPU.ActiveCfg = Release|Any CPU
		{59644557-305D-4BDD-8959-B7C82858A174}.Release|Any CPU.Build.0 = Release|Any CPU
		{3A323F84-61A6-4F2E-99AF-DAAD306088DD}.Debug|Any CPU.ActiveCfg = Debug|Any CPU
		{3A323F84-61A6-4F2E-99AF-DAAD306088DD}.Debug|Any CPU.Build.0 = Debug|Any CPU
		{3A323F84-61A6-4F2E-99AF-DAAD306088DD}.Release|Any CPU.ActiveCfg = Release|Any CPU
		{3A323F84-61A6-4F2E-99AF-DAAD306088DD}.Release|Any CPU.Build.0 = Release|Any CPU
	EndGlobalSection
EndGlobal
